
Microsoft Visual Studio Solution File, Format Version 12.00
# Visual Studio 2012
Project("{FAE04EC0-301F-11D3-BF4B-00C04F79EFBC}") = "Intech.Business", "Intech.Business\Intech.Business.csproj", "{05AE8486-1969-4E3A-8F59-769F4B6349C5}"
EndProject
Project("{FAE04EC0-301F-11D3-BF4B-00C04F79EFBC}") = "Intech.App", "Intech.App\Intech.App.csproj", "{55997F05-503E-4BE6-8A97-531F9F0EBC93}"
EndProject
Global
	GlobalSection(SolutionConfigurationPlatforms) = preSolution
		Debug|Any CPU = Debug|Any CPU
		Release|Any CPU = Release|Any CPU
	EndGlobalSection
	GlobalSection(ProjectConfigurationPlatforms) = postSolution
		{05AE8486-1969-4E3A-8F59-769F4B6349C5}.Debug|Any CPU.ActiveCfg = Debug|Any CPU
		{05AE8486-1969-4E3A-8F59-769F4B6349C5}.Debug|Any CPU.Build.0 = Debug|Any CPU
		{05AE8486-1969-4E3A-8F59-769F4B6349C5}.Release|Any CPU.ActiveCfg = Release|Any CPU
		{05AE8486-1969-4E3A-8F59-769F4B6349C5}.Release|Any CPU.Build.0 = Release|Any CPU
		{55997F05-503E-4BE6-8A97-531F9F0EBC93}.Debug|Any CPU.ActiveCfg = Debug|Any CPU
		{55997F05-503E-4BE6-8A97-531F9F0EBC93}.Debug|Any CPU.Build.0 = Debug|Any CPU
		{55997F05-503E-4BE6-8A97-531F9F0EBC93}.Release|Any CPU.ActiveCfg = Release|Any CPU
		{55997F05-503E-4BE6-8A97-531F9F0EBC93}.Release|Any CPU.Build.0 = Release|Any CPU
	EndGlobalSection
	GlobalSection(SolutionProperties) = preSolution
		HideSolutionNode = FALSE
	EndGlobalSection
EndGlobal
